
Microsoft Visual Studio Solution File, Format Version 12.00
# Visual Studio Version 17
VisualStudioVersion = 17.14.36616.10 d17.14
MinimumVisualStudioVersion = 10.0.40219.1
Project("{FAE04EC0-301F-11D3-BF4B-00C04F79EFBC}") = "SistemadeVentas", "SistemadeVentas.csproj", "{AE858099-6DAB-4BBA-8727-D5E0C83BEE4F}"
EndProject
Global
	GlobalSection(SolutionConfigurationPlatforms) = preSolution
		Debug|Any CPU = Debug|Any CPU
		Release|Any CPU = Release|Any CPU
	EndGlobalSection
	GlobalSection(ProjectConfigurationPlatforms) = postSolution
		{AE858099-6DAB-4BBA-8727-D5E0C83BEE4F}.Debug|Any CPU.ActiveCfg = Debug|Any CPU
		{AE858099-6DAB-4BBA-8727-D5E0C83BEE4F}.Debug|Any CPU.Build.0 = Debug|Any CPU
		{AE858099-6DAB-4BBA-8727-D5E0C83BEE4F}.Release|Any CPU.ActiveCfg = Release|Any CPU
		{AE858099-6DAB-4BBA-8727-D5E0C83BEE4F}.Release|Any CPU.Build.0 = Release|Any CPU
	EndGlobalSection
	GlobalSection(SolutionProperties) = preSolution
		HideSolutionNode = FALSE
	EndGlobalSection
	GlobalSection(ExtensibilityGlobals) = postSolution
		SolutionGuid = {DC3F1A91-5DBC-4FA7-965D-63BDDCEE03F5}
	EndGlobalSection
EndGlobal
